
Microsoft Visual Studio Solution File, Format Version 12.00
# Visual Studio Version 16
VisualStudioVersion = 16.0.30907.101
MinimumVisualStudioVersion = 10.0.40219.1
Project("{9A19103F-16F7-4668-BE54-9A1E7A4F7556}") = "AVI.Clima.WebApi", "AVI.Clima.WebApi\AVI.Clima.WebApi.csproj", "{C8D73E8A-205B-4D06-8417-F4EBB6D664C7}"
	ProjectSection(ProjectDependencies) = postProject
		{BA791AB8-A04A-430F-88EA-B0B9390F4D0D} = {BA791AB8-A04A-430F-88EA-B0B9390F4D0D}
		{45B3CBC1-6CC4-4102-83BD-5A5AD930A49A} = {45B3CBC1-6CC4-4102-83BD-5A5AD930A49A}
	EndProjectSection
EndProject
Project("{9A19103F-16F7-4668-BE54-9A1E7A4F7556}") = "AVI.Clima.DTOs", "AVI.Clima.DTOs\AVI.Clima.DTOs.csproj", "{45B3CBC1-6CC4-4102-83BD-5A5AD930A49A}"
EndProject
Project("{9A19103F-16F7-4668-BE54-9A1E7A4F7556}") = "AVI.Clima.Infrastructure", "AVI.Clima.Infrastructure\AVI.Clima.Infrastructure.csproj", "{BA791AB8-A04A-430F-88EA-B0B9390F4D0D}"
	ProjectSection(ProjectDependencies) = postProject
		{45B3CBC1-6CC4-4102-83BD-5A5AD930A49A} = {45B3CBC1-6CC4-4102-83BD-5A5AD930A49A}
	EndProjectSection
EndProject
Global
	GlobalSection(SolutionConfigurationPlatforms) = preSolution
		Debug|Any CPU = Debug|Any CPU
		Release|Any CPU = Release|Any CPU
	EndGlobalSection
	GlobalSection(ProjectConfigurationPlatforms) = postSolution
		{C8D73E8A-205B-4D06-8417-F4EBB6D664C7}.Debug|Any CPU.ActiveCfg = Debug|Any CPU
		{C8D73E8A-205B-4D06-8417-F4EBB6D664C7}.Debug|Any CPU.Build.0 = Debug|Any CPU
		{C8D73E8A-205B-4D06-8417-F4EBB6D664C7}.Release|Any CPU.ActiveCfg = Release|Any CPU
		{C8D73E8A-205B-4D06-8417-F4EBB6D664C7}.Release|Any CPU.Build.0 = Release|Any CPU
		{45B3CBC1-6CC4-4102-83BD-5A5AD930A49A}.Debug|Any CPU.ActiveCfg = Debug|Any CPU
		{45B3CBC1-6CC4-4102-83BD-5A5AD930A49A}.Debug|Any CPU.Build.0 = Debug|Any CPU
		{45B3CBC1-6CC4-4102-83BD-5A5AD930A49A}.Release|Any CPU.ActiveCfg = Release|Any CPU
		{45B3CBC1-6CC4-4102-83BD-5A5AD930A49A}.Release|Any CPU.Build.0 = Release|Any CPU
		{BA791AB8-A04A-430F-88EA-B0B9390F4D0D}.Debug|Any CPU.ActiveCfg = Debug|Any CPU
		{BA791AB8-A04A-430F-88EA-B0B9390F4D0D}.Debug|Any CPU.Build.0 = Debug|Any CPU
		{BA791AB8-A04A-430F-88EA-B0B9390F4D0D}.Release|Any CPU.ActiveCfg = Release|Any CPU
		{BA791AB8-A04A-430F-88EA-B0B9390F4D0D}.Release|Any CPU.Build.0 = Release|Any CPU
	EndGlobalSection
	GlobalSection(SolutionProperties) = preSolution
		HideSolutionNode = FALSE
	EndGlobalSection
	GlobalSection(ExtensibilityGlobals) = postSolution
		SolutionGuid = {3D973D2E-5A63-467B-B266-356585674DDC}
	EndGlobalSection
EndGlobal
